
Microsoft Visual Studio Solution File, Format Version 12.00
# Visual Studio Version 16
VisualStudioVersion = 16.0.29209.62
MinimumVisualStudioVersion = 15.0.26124.0
Project("{9A19103F-16F7-4668-BE54-9A1E7A4F7556}") = "chess.games.db", "chess.games.db\chess.games.db.csproj", "{1372B057-575C-4AA2-A8D6-AFFBD578479D}"
EndProject
Project("{9A19103F-16F7-4668-BE54-9A1E7A4F7556}") = "chess.games.db.api", "chess.games.db.api\chess.games.db.api.csproj", "{068DC2FA-F86A-4AD4-8368-58E943CF030C}"
EndProject
Project("{9A19103F-16F7-4668-BE54-9A1E7A4F7556}") = "chess.games.db.pgnimporter", "chess.games.db.pgnimporter\chess.games.db.pgnimporter.csproj", "{4AADB779-4394-4BD7-83F6-BEA63EEE17ED}"
EndProject
Project("{9A19103F-16F7-4668-BE54-9A1E7A4F7556}") = "chess.db.admin.angular", "chess.db.admin.angular\chess.db.admin.angular.csproj", "{0CBE5E6E-E600-47FB-B1EB-8EFCB1720049}"
EndProject
Project("{9A19103F-16F7-4668-BE54-9A1E7A4F7556}") = "chess.db.admin", "chess.db.admin\chess.db.admin.csproj", "{8A79E8BF-8E9E-4584-8DF5-A74EA6C17AE0}"
EndProject
Project("{9A19103F-16F7-4668-BE54-9A1E7A4F7556}") = "chess.db.admin.tests", "chess.db.admin.tests\chess.db.admin.tests.csproj", "{123DBFA6-1434-45A4-A1AC-A84A39B786DD}"
EndProject
Project("{9A19103F-16F7-4668-BE54-9A1E7A4F7556}") = "chess.db.webapi", "chess.db.webapi\chess.db.webapi.csproj", "{4BD03BBC-DC13-4EED-A900-AECE6C263D55}"
EndProject
Project("{FAE04EC0-301F-11D3-BF4B-00C04F79EFBC}") = "chess.game.db.unit.tests", "chess.game.db.unit.tests\chess.game.db.unit.tests.csproj", "{45D390C1-1A43-407B-B1CF-A10124CF9200}"
EndProject
Global
	GlobalSection(SolutionConfigurationPlatforms) = preSolution
		Debug|Any CPU = Debug|Any CPU
		Debug|x64 = Debug|x64
		Debug|x86 = Debug|x86
		Release|Any CPU = Release|Any CPU
		Release|x64 = Release|x64
		Release|x86 = Release|x86
	EndGlobalSection
	GlobalSection(ProjectConfigurationPlatforms) = postSolution
		{1372B057-575C-4AA2-A8D6-AFFBD578479D}.Debug|Any CPU.ActiveCfg = Debug|Any CPU
		{1372B057-575C-4AA2-A8D6-AFFBD578479D}.Debug|Any CPU.Build.0 = Debug|Any CPU
		{1372B057-575C-4AA2-A8D6-AFFBD578479D}.Debug|x64.ActiveCfg = Debug|Any CPU
		{1372B057-575C-4AA2-A8D6-AFFBD578479D}.Debug|x64.Build.0 = Debug|Any CPU
		{1372B057-575C-4AA2-A8D6-AFFBD578479D}.Debug|x86.ActiveCfg = Debug|Any CPU
		{1372B057-575C-4AA2-A8D6-AFFBD578479D}.Debug|x86.Build.0 = Debug|Any CPU
		{1372B057-575C-4AA2-A8D6-AFFBD578479D}.Release|Any CPU.ActiveCfg = Release|Any CPU
		{1372B057-575C-4AA2-A8D6-AFFBD578479D}.Release|Any CPU.Build.0 = Release|Any CPU
		{1372B057-575C-4AA2-A8D6-AFFBD578479D}.Release|x64.ActiveCfg = Release|Any CPU
		{1372B057-575C-4AA2-A8D6-AFFBD578479D}.Release|x64.Build.0 = Release|Any CPU
		{1372B057-575C-4AA2-A8D6-AFFBD578479D}.Release|x86.ActiveCfg = Release|Any CPU
		{1372B057-575C-4AA2-A8D6-AFFBD578479D}.Release|x86.Build.0 = Release|Any CPU
		{068DC2FA-F86A-4AD4-8368-58E943CF030C}.Debug|Any CPU.ActiveCfg = Debug|Any CPU
		{068DC2FA-F86A-4AD4-8368-58E943CF030C}.Debug|Any CPU.Build.0 = Debug|Any CPU
		{068DC2FA-F86A-4AD4-8368-58E943CF030C}.Debug|x64.ActiveCfg = Debug|Any CPU
		{068DC2FA-F86A-4AD4-8368-58E943CF030C}.Debug|x64.Build.0 = Debug|Any CPU
		{068DC2FA-F86A-4AD4-8368-58E943CF030C}.Debug|x86.ActiveCfg = Debug|Any CPU
		{068DC2FA-F86A-4AD4-8368-58E943CF030C}.Debug|x86.Build.0 = Debug|Any CPU
		{068DC2FA-F86A-4AD4-8368-58E943CF030C}.Release|Any CPU.ActiveCfg = Release|Any CPU
		{068DC2FA-F86A-4AD4-8368-58E943CF030C}.Release|Any CPU.Build.0 = Release|Any CPU
		{068DC2FA-F86A-4AD4-8368-58E943CF030C}.Release|x64.ActiveCfg = Release|Any CPU
		{068DC2FA-F86A-4AD4-8368-58E943CF030C}.Release|x64.Build.0 = Release|Any CPU
		{068DC2FA-F86A-4AD4-8368-58E943CF030C}.Release|x86.ActiveCfg = Release|Any CPU
		{068DC2FA-F86A-4AD4-8368-58E943CF030C}.Release|x86.Build.0 = Release|Any CPU
		{4AADB779-4394-4BD7-83F6-BEA63EEE17ED}.Debug|Any CPU.ActiveCfg = Debug|Any CPU
		{4AADB779-4394-4BD7-83F6-BEA63EEE17ED}.Debug|Any CPU.Build.0 = Debug|Any CPU
		{4AADB779-4394-4BD7-83F6-BEA63EEE17ED}.Debug|x64.ActiveCfg = Debug|Any CPU
		{4AADB779-4394-4BD7-83F6-BEA63EEE17ED}.Debug|x64.Build.0 = Debug|Any CPU
		{4AADB779-4394-4BD7-83F6-BEA63EEE17ED}.Debug|x86.ActiveCfg = Debug|Any CPU
		{4AADB779-4394-4BD7-83F6-BEA63EEE17ED}.Debug|x86.Build.0 = Debug|Any CPU
		{4AADB779-4394-4BD7-83F6-BEA63EEE17ED}.Release|Any CPU.ActiveCfg = Release|Any CPU
		{4AADB779-4394-4BD7-83F6-BEA63EEE17ED}.Release|Any CPU.Build.0 = Release|Any CPU
		{4AADB779-4394-4BD7-83F6-BEA63EEE17ED}.Release|x64.ActiveCfg = Release|Any CPU
		{4AADB779-4394-4BD7-83F6-BEA63EEE17ED}.Release|x64.Build.0 = Release|Any CPU
		{4AADB779-4394-4BD7-83F6-BEA63EEE17ED}.Release|x86.ActiveCfg = Release|Any CPU
		{4AADB779-4394-4BD7-83F6-BEA63EEE17ED}.Release|x86.Build.0 = Release|Any CPU
		{0CBE5E6E-E600-47FB-B1EB-8EFCB1720049}.Debug|Any CPU.ActiveCfg = Debug|Any CPU
		{0CBE5E6E-E600-47FB-B1EB-8EFCB1720049}.Debug|Any CPU.Build.0 = Debug|Any CPU
		{0CBE5E6E-E600-47FB-B1EB-8EFCB1720049}.Debug|x64.ActiveCfg = Debug|Any CPU
		{0CBE5E6E-E600-47FB-B1EB-8EFCB1720049}.Debug|x64.Build.0 = Debug|Any CPU
		{0CBE5E6E-E600-47FB-B1EB-8EFCB1720049}.Debug|x86.ActiveCfg = Debug|Any CPU
		{0CBE5E6E-E600-47FB-B1EB-8EFCB1720049}.Debug|x86.Build.0 = Debug|Any CPU
		{0CBE5E6E-E600-47FB-B1EB-8EFCB1720049}.Release|Any CPU.ActiveCfg = Release|Any CPU
		{0CBE5E6E-E600-47FB-B1EB-8EFCB1720049}.Release|Any CPU.Build.0 = Release|Any CPU
		{0CBE5E6E-E600-47FB-B1EB-8EFCB1720049}.Release|x64.ActiveCfg = Release|Any CPU
		{0CBE5E6E-E600-47FB-B1EB-8EFCB1720049}.Release|x64.Build.0 = Release|Any CPU
		{0CBE5E6E-E600-47FB-B1EB-8EFCB1720049}.Release|x86.ActiveCfg = Release|Any CPU
		{0CBE5E6E-E600-47FB-B1EB-8EFCB1720049}.Release|x86.Build.0 = Release|Any CPU
		{8A79E8BF-8E9E-4584-8DF5-A74EA6C17AE0}.Debug|Any CPU.ActiveCfg = Debug|Any CPU
		{8A79E8BF-8E9E-4584-8DF5-A74EA6C17AE0}.Debug|Any CPU.Build.0 = Debug|Any CPU
		{8A79E8BF-8E9E-4584-8DF5-A74EA6C17AE0}.Debug|x64.ActiveCfg = Debug|Any CPU
		{8A79E8BF-8E9E-4584-8DF5-A74EA6C17AE0}.Debug|x64.Build.0 = Debug|Any CPU
		{8A79E8BF-8E9E-4584-8DF5-A74EA6C17AE0}.Debug|x86.ActiveCfg = Debug|Any CPU
		{8A79E8BF-8E9E-4584-8DF5-A74EA6C17AE0}.Debug|x86.Build.0 = Debug|Any CPU
		{8A79E8BF-8E9E-4584-8DF5-A74EA6C17AE0}.Release|Any CPU.ActiveCfg = Release|Any CPU
		{8A79E8BF-8E9E-4584-8DF5-A74EA6C17AE0}.Release|Any CPU.Build.0 = Release|Any CPU
		{8A79E8BF-8E9E-4584-8DF5-A74EA6C17AE0}.Release|x64.ActiveCfg = Release|Any CPU
		{8A79E8BF-8E9E-4584-8DF5-A74EA6C17AE0}.Release|x64.Build.0 = Release|Any CPU
		{8A79E8BF-8E9E-4584-8DF5-A74EA6C17AE0}.Release|x86.ActiveCfg = Release|Any CPU
		{8A79E8BF-8E9E-4584-8DF5-A74EA6C17AE0}.Release|x86.Build.0 = Release|Any CPU
		{123DBFA6-1434-45A4-A1AC-A84A39B786DD}.Debug|Any CPU.ActiveCfg = Debug|Any CPU
		{123DBFA6-1434-45A4-A1AC-A84A39B786DD}.Debug|Any CPU.Build.0 = Debug|Any CPU
		{123DBFA6-1434-45A4-A1AC-A84A39B786DD}.Debug|x64.ActiveCfg = Debug|Any CPU
		{123DBFA6-1434-45A4-A1AC-A84A39B786DD}.Debug|x64.Build.0 = Debug|Any CPU
		{123DBFA6-1434-45A4-A1AC-A84A39B786DD}.Debug|x86.ActiveCfg = Debug|Any CPU
		{123DBFA6-1434-45A4-A1AC-A84A39B786DD}.Debug|x86.Build.0 = Debug|Any CPU
		{123DBFA6-1434-45A4-A1AC-A84A39B786DD}.Release|Any CPU.ActiveCfg = Release|Any CPU
		{123DBFA6-1434-45A4-A1AC-A84A39B786DD}.Release|Any CPU.Build.0 = Release|Any CPU
		{123DBFA6-1434-45A4-A1AC-A84A39B786DD}.Release|x64.ActiveCfg = Release|Any CPU
		{123DBFA6-1434-45A4-A1AC-A84A39B786DD}.Release|x64.Build.0 = Release|Any CPU
		{123DBFA6-1434-45A4-A1AC-A84A39B786DD}.Release|x86.ActiveCfg = Release|Any CPU
		{123DBFA6-1434-45A4-A1AC-A84A39B786DD}.Release|x86.Build.0 = Release|Any CPU
		{4BD03BBC-DC13-4EED-A900-AECE6C263D55}.Debug|Any CPU.ActiveCfg = Debug|Any CPU
		{4BD03BBC-DC13-4EED-A900-AECE6C263D55}.Debug|Any CPU.Build.0 = Debug|Any CPU
		{4BD03BBC-DC13-4EED-A900-AECE6C263D55}.Debug|x64.ActiveCfg = Debug|Any CPU
		{4BD03BBC-DC13-4EED-A900-AECE6C263D55}.Debug|x64.Build.0 = Debug|Any CPU
		{4BD03BBC-DC13-4EED-A900-AECE6C263D55}.Debug|x86.ActiveCfg = Debug|Any CPU
		{4BD03BBC-DC13-4EED-A900-AECE6C263D55}.Debug|x86.Build.0 = Debug|Any CPU
		{4BD03BBC-DC13-4EED-A900-AECE6C263D55}.Release|Any CPU.ActiveCfg = Release|Any CPU
		{4BD03BBC-DC13-4EED-A900-AECE6C263D55}.Release|Any CPU.Build.0 = Release|Any CPU
		{4BD03BBC-DC13-4EED-A900-AECE6C263D55}.Release|x64.ActiveCfg = Release|Any CPU
		{4BD03BBC-DC13-4EED-A900-AECE6C263D55}.Release|x64.Build.0 = Release|Any CPU
		{4BD03BBC-DC13-4EED-A900-AECE6C263D55}.Release|x86.ActiveCfg = Release|Any CPU
		{4BD03BBC-DC13-4EED-A900-AECE6C263D55}.Release|x86.Build.0 = Release|Any CPU
		{45D390C1-1A43-407B-B1CF-A10124CF9200}.Debug|Any CPU.ActiveCfg = Debug|Any CPU
		{45D390C1-1A43-407B-B1CF-A10124CF9200}.Debug|Any CPU.Build.0 = Debug|Any CPU
		{45D390C1-1A43-407B-B1CF-A10124CF9200}.Debug|x64.ActiveCfg = Debug|Any CPU
		{45D390C1-1A43-407B-B1CF-A10124CF9200}.Debug|x64.Build.0 = Debug|Any CPU
		{45D390C1-1A43-407B-B1CF-A10124CF9200}.Debug|x86.ActiveCfg = Debug|Any CPU
		{45D390C1-1A43-407B-B1CF-A10124CF9200}.Debug|x86.Build.0 = Debug|Any CPU
		{45D390C1-1A43-407B-B1CF-A10124CF9200}.Release|Any CPU.ActiveCfg = Release|Any CPU
		{45D390C1-1A43-407B-B1CF-A10124CF9200}.Release|Any CPU.Build.0 = Release|Any CPU
		{45D390C1-1A43-407B-B1CF-A10124CF9200}.Release|x64.ActiveCfg = Release|Any CPU
		{45D390C1-1A43-407B-B1CF-A10124CF9200}.Release|x64.Build.0 = Release|Any CPU
		{45D390C1-1A43-407B-B1CF-A10124CF9200}.Release|x86.ActiveCfg = Release|Any CPU
		{45D390C1-1A43-407B-B1CF-A10124CF9200}.Release|x86.Build.0 = Release|Any CPU
	EndGlobalSection
	GlobalSection(SolutionProperties) = preSolution
		HideSolutionNode = FALSE
	EndGlobalSection
	GlobalSection(ExtensibilityGlobals) = postSolution
		SolutionGuid = {CCBC7EB9-4508-4DE1-8C1D-948B52C5D1E6}
	EndGlobalSection
EndGlobal
